// !$*UTF8*$!
{
	archiveVersion = 1;
	classes = {
	};
	objectVersion = 55;
	objects = {

/* Begin PBXBuildFile section */
		44EE91932796E3E000E08FE7 /* AppDelegate.swift in Sources */ = {isa = PBXBuildFile; fileRef = 44EE91922796E3E000E08FE7 /* AppDelegate.swift */; };
		44EE91952796E3E000E08FE7 /* SceneDelegate.swift in Sources */ = {isa = PBXBuildFile; fileRef = 44EE91942796E3E000E08FE7 /* SceneDelegate.swift */; };
		44EE91972796E3E000E08FE7 /* AuthViewController.swift in Sources */ = {isa = PBXBuildFile; fileRef = 44EE91962796E3E000E08FE7 /* AuthViewController.swift */; };
		44EE919C2796E3E400E08FE7 /* Assets.xcassets in Resources */ = {isa = PBXBuildFile; fileRef = 44EE919B2796E3E400E08FE7 /* Assets.xcassets */; };
		44EE919F2796E3E400E08FE7 /* LaunchScreen.storyboard in Resources */ = {isa = PBXBuildFile; fileRef = 44EE919D2796E3E400E08FE7 /* LaunchScreen.storyboard */; };
		44EE91A72796EDDB00E08FE7 /* AuthService.swift in Sources */ = {isa = PBXBuildFile; fileRef = 44EE91A62796EDDB00E08FE7 /* AuthService.swift */; };
		44EE91A92796F78B00E08FE7 /* AuthViewController.storyboard in Resources */ = {isa = PBXBuildFile; fileRef = 44EE91A82796F78B00E08FE7 /* AuthViewController.storyboard */; };
		44EE91AC2797006B00E08FE7 /* FeedViewController.swift in Sources */ = {isa = PBXBuildFile; fileRef = 44EE91AB2797006B00E08FE7 /* FeedViewController.swift */; };
		44EE91AE2797007400E08FE7 /* FeedViewController.storyboard in Resources */ = {isa = PBXBuildFile; fileRef = 44EE91AD2797007400E08FE7 /* FeedViewController.storyboard */; };
		44EE91B2279715A700E08FE7 /* NetworkService.swift in Sources */ = {isa = PBXBuildFile; fileRef = 44EE91B1279715A700E08FE7 /* NetworkService.swift */; };
		44EE91B4279715DD00E08FE7 /* API.swift in Sources */ = {isa = PBXBuildFile; fileRef = 44EE91B3279715DD00E08FE7 /* API.swift */; };
		44EE91B727999BF200E08FE7 /* FeedResponse.swift in Sources */ = {isa = PBXBuildFile; fileRef = 44EE91B627999BF200E08FE7 /* FeedResponse.swift */; };
		44EE91B92799A25E00E08FE7 /* NetworkDataFetcher.swift in Sources */ = {isa = PBXBuildFile; fileRef = 44EE91B82799A25E00E08FE7 /* NetworkDataFetcher.swift */; };
		44EE91C2279AE51A00E08FE7 /* NewsFeedPresenter.swift in Sources */ = {isa = PBXBuildFile; fileRef = 44EE91BB279AE51A00E08FE7 /* NewsFeedPresenter.swift */; };
		44EE91C3279AE51A00E08FE7 /* NewsFeedWorker.swift in Sources */ = {isa = PBXBuildFile; fileRef = 44EE91BC279AE51A00E08FE7 /* NewsFeedWorker.swift */; };
		44EE91C4279AE51A00E08FE7 /* NewsFeedRouter.swift in Sources */ = {isa = PBXBuildFile; fileRef = 44EE91BD279AE51A00E08FE7 /* NewsFeedRouter.swift */; };
		44EE91C5279AE51A00E08FE7 /* NewsFeedModels.swift in Sources */ = {isa = PBXBuildFile; fileRef = 44EE91BE279AE51A00E08FE7 /* NewsFeedModels.swift */; };
		44EE91C6279AE51A00E08FE7 /* NewsFeedViewController.swift in Sources */ = {isa = PBXBuildFile; fileRef = 44EE91BF279AE51A00E08FE7 /* NewsFeedViewController.swift */; };
		44EE91C7279AE51A00E08FE7 /* NewsFeedInteractor.swift in Sources */ = {isa = PBXBuildFile; fileRef = 44EE91C0279AE51A00E08FE7 /* NewsFeedInteractor.swift */; };
		44EE91CA279AE63A00E08FE7 /* NewsFeedViewController.storyboard in Resources */ = {isa = PBXBuildFile; fileRef = 44EE91C9279AE63A00E08FE7 /* NewsFeedViewController.storyboard */; };
		44EE91CE279D978A00E08FE7 /* NewsFeedCell.swift in Sources */ = {isa = PBXBuildFile; fileRef = 44EE91CC279D978A00E08FE7 /* NewsFeedCell.swift */; };
		44EE91CF279D978A00E08FE7 /* NewsFeedCell.xib in Resources */ = {isa = PBXBuildFile; fileRef = 44EE91CD279D978A00E08FE7 /* NewsFeedCell.xib */; };
		6B2639EE1890147324BFE6FA /* Pods_VK.framework in Frameworks */ = {isa = PBXBuildFile; fileRef = E0EA2D805C635F808D5DF3DD /* Pods_VK.framework */; };
/* End PBXBuildFile section */

/* Begin PBXFileReference section */
		44EE918F2796E3E000E08FE7 /* VK.app */ = {isa = PBXFileReference; explicitFileType = wrapper.application; includeInIndex = 0; path = VK.app; sourceTree = BUILT_PRODUCTS_DIR; };
		44EE91922796E3E000E08FE7 /* AppDelegate.swift */ = {isa = PBXFileReference; lastKnownFileType = sourcecode.swift; path = AppDelegate.swift; sourceTree = "<group>"; };
		44EE91942796E3E000E08FE7 /* SceneDelegate.swift */ = {isa = PBXFileReference; lastKnownFileType = sourcecode.swift; path = SceneDelegate.swift; sourceTree = "<group>"; };
		44EE91962796E3E000E08FE7 /* AuthViewController.swift */ = {isa = PBXFileReference; lastKnownFileType = sourcecode.swift; path = AuthViewController.swift; sourceTree = "<group>"; };
		44EE919B2796E3E400E08FE7 /* Assets.xcassets */ = {isa = PBXFileReference; lastKnownFileType = folder.assetcatalog; path = Assets.xcassets; sourceTree = "<group>"; };
		44EE919E2796E3E400E08FE7 /* Base */ = {isa = PBXFileReference; lastKnownFileType = file.storyboard; name = Base; path = Base.lproj/LaunchScreen.storyboard; sourceTree = "<group>"; };
		44EE91A02796E3E400E08FE7 /* Info.plist */ = {isa = PBXFileReference; lastKnownFileType = text.plist.xml; path = Info.plist; sourceTree = "<group>"; };
		44EE91A62796EDDB00E08FE7 /* AuthService.swift */ = {isa = PBXFileReference; lastKnownFileType = sourcecode.swift; path = AuthService.swift; sourceTree = "<group>"; };
		44EE91A82796F78B00E08FE7 /* AuthViewController.storyboard */ = {isa = PBXFileReference; lastKnownFileType = file.storyboard; path = AuthViewController.storyboard; sourceTree = "<group>"; };
		44EE91AB2797006B00E08FE7 /* FeedViewController.swift */ = {isa = PBXFileReference; lastKnownFileType = sourcecode.swift; path = FeedViewController.swift; sourceTree = "<group>"; };
		44EE91AD2797007400E08FE7 /* FeedViewController.storyboard */ = {isa = PBXFileReference; lastKnownFileType = file.storyboard; path = FeedViewController.storyboard; sourceTree = "<group>"; };
		44EE91B1279715A700E08FE7 /* NetworkService.swift */ = {isa = PBXFileReference; lastKnownFileType = sourcecode.swift; path = NetworkService.swift; sourceTree = "<group>"; };
		44EE91B3279715DD00E08FE7 /* API.swift */ = {isa = PBXFileReference; lastKnownFileType = sourcecode.swift; path = API.swift; sourceTree = "<group>"; };
		44EE91B627999BF200E08FE7 /* FeedResponse.swift */ = {isa = PBXFileReference; lastKnownFileType = sourcecode.swift; path = FeedResponse.swift; sourceTree = "<group>"; };
		44EE91B82799A25E00E08FE7 /* NetworkDataFetcher.swift */ = {isa = PBXFileReference; lastKnownFileType = sourcecode.swift; path = NetworkDataFetcher.swift; sourceTree = "<group>"; };
		44EE91BB279AE51A00E08FE7 /* NewsFeedPresenter.swift */ = {isa = PBXFileReference; lastKnownFileType = sourcecode.swift; path = NewsFeedPresenter.swift; sourceTree = "<group>"; };
		44EE91BC279AE51A00E08FE7 /* NewsFeedWorker.swift */ = {isa = PBXFileReference; lastKnownFileType = sourcecode.swift; path = NewsFeedWorker.swift; sourceTree = "<group>"; };
		44EE91BD279AE51A00E08FE7 /* NewsFeedRouter.swift */ = {isa = PBXFileReference; lastKnownFileType = sourcecode.swift; path = NewsFeedRouter.swift; sourceTree = "<group>"; };
		44EE91BE279AE51A00E08FE7 /* NewsFeedModels.swift */ = {isa = PBXFileReference; lastKnownFileType = sourcecode.swift; path = NewsFeedModels.swift; sourceTree = "<group>"; };
		44EE91BF279AE51A00E08FE7 /* NewsFeedViewController.swift */ = {isa = PBXFileReference; lastKnownFileType = sourcecode.swift; path = NewsFeedViewController.swift; sourceTree = "<group>"; };
		44EE91C0279AE51A00E08FE7 /* NewsFeedInteractor.swift */ = {isa = PBXFileReference; lastKnownFileType = sourcecode.swift; path = NewsFeedInteractor.swift; sourceTree = "<group>"; };
		44EE91C9279AE63A00E08FE7 /* NewsFeedViewController.storyboard */ = {isa = PBXFileReference; lastKnownFileType = file.storyboard; path = NewsFeedViewController.storyboard; sourceTree = "<group>"; };
		44EE91CC279D978A00E08FE7 /* NewsFeedCell.swift */ = {isa = PBXFileReference; lastKnownFileType = sourcecode.swift; path = NewsFeedCell.swift; sourceTree = "<group>"; };
		44EE91CD279D978A00E08FE7 /* NewsFeedCell.xib */ = {isa = PBXFileReference; lastKnownFileType = file.xib; path = NewsFeedCell.xib; sourceTree = "<group>"; };
		CF1D1306565774B79F001F62 /* Pods-VK.release.xcconfig */ = {isa = PBXFileReference; includeInIndex = 1; lastKnownFileType = text.xcconfig; name = "Pods-VK.release.xcconfig"; path = "Target Support Files/Pods-VK/Pods-VK.release.xcconfig"; sourceTree = "<group>"; };
		D1A9B3507A561342A2FED08D /* Pods-VK.debug.xcconfig */ = {isa = PBXFileReference; includeInIndex = 1; lastKnownFileType = text.xcconfig; name = "Pods-VK.debug.xcconfig"; path = "Target Support Files/Pods-VK/Pods-VK.debug.xcconfig"; sourceTree = "<group>"; };
		E0EA2D805C635F808D5DF3DD /* Pods_VK.framework */ = {isa = PBXFileReference; explicitFileType = wrapper.framework; includeInIndex = 0; path = Pods_VK.framework; sourceTree = BUILT_PRODUCTS_DIR; };
/* End PBXFileReference section */

/* Begin PBXFrameworksBuildPhase section */
		44EE918C2796E3E000E08FE7 /* Frameworks */ = {
			isa = PBXFrameworksBuildPhase;
			buildActionMask = 2147483647;
			files = (
				6B2639EE1890147324BFE6FA /* Pods_VK.framework in Frameworks */,
			);
			runOnlyForDeploymentPostprocessing = 0;
		};
/* End PBXFrameworksBuildPhase section */

/* Begin PBXGroup section */
		39C554067ED247A6D428C3CB /* Frameworks */ = {
			isa = PBXGroup;
			children = (
				E0EA2D805C635F808D5DF3DD /* Pods_VK.framework */,
			);
			name = Frameworks;
			sourceTree = "<group>";
		};
		44EE91862796E3E000E08FE7 = {
			isa = PBXGroup;
			children = (
				44EE91912796E3E000E08FE7 /* VK */,
				44EE91902796E3E000E08FE7 /* Products */,
				6188B3B71944C1FF926BCC19 /* Pods */,
				39C554067ED247A6D428C3CB /* Frameworks */,
			);
			sourceTree = "<group>";
		};
		44EE91902796E3E000E08FE7 /* Products */ = {
			isa = PBXGroup;
			children = (
				44EE918F2796E3E000E08FE7 /* VK.app */,
			);
			name = Products;
			sourceTree = "<group>";
		};
		44EE91912796E3E000E08FE7 /* VK */ = {
			isa = PBXGroup;
			children = (
				44EE91922796E3E000E08FE7 /* AppDelegate.swift */,
				44EE91942796E3E000E08FE7 /* SceneDelegate.swift */,
				44EE91BA279AE49900E08FE7 /* NewsFeed */,
				44EE91AF279700DD00E08FE7 /* Эту папку удаляем */,
				44EE91B0279700ED00E08FE7 /* AuthViewController */,
				44EE91AA2797000600E08FE7 /* Services */,
				44EE919B2796E3E400E08FE7 /* Assets.xcassets */,
				44EE919D2796E3E400E08FE7 /* LaunchScreen.storyboard */,
				44EE91A02796E3E400E08FE7 /* Info.plist */,
			);
			path = VK;
			sourceTree = "<group>";
		};
		44EE91AA2797000600E08FE7 /* Services */ = {
			isa = PBXGroup;
			children = (
				44EE91B527999BC500E08FE7 /* Models */,
				44EE91A62796EDDB00E08FE7 /* AuthService.swift */,
				44EE91B1279715A700E08FE7 /* NetworkService.swift */,
				44EE91B82799A25E00E08FE7 /* NetworkDataFetcher.swift */,
				44EE91B3279715DD00E08FE7 /* API.swift */,
			);
			path = Services;
			sourceTree = "<group>";
		};
		44EE91AF279700DD00E08FE7 /* Эту папку удаляем */ = {
			isa = PBXGroup;
			children = (
				44EE91AB2797006B00E08FE7 /* FeedViewController.swift */,
				44EE91AD2797007400E08FE7 /* FeedViewController.storyboard */,
			);
			path = "Эту папку удаляем";
			sourceTree = "<group>";
		};
		44EE91B0279700ED00E08FE7 /* AuthViewController */ = {
			isa = PBXGroup;
			children = (
				44EE91962796E3E000E08FE7 /* AuthViewController.swift */,
				44EE91A82796F78B00E08FE7 /* AuthViewController.storyboard */,
			);
			path = AuthViewController;
			sourceTree = "<group>";
		};
		44EE91B527999BC500E08FE7 /* Models */ = {
			isa = PBXGroup;
			children = (
				44EE91B627999BF200E08FE7 /* FeedResponse.swift */,
			);
			path = Models;
			sourceTree = "<group>";
		};
		44EE91BA279AE49900E08FE7 /* NewsFeed */ = {
			isa = PBXGroup;
			children = (
				44EE91CB279D975200E08FE7 /* Cell */,
				44EE91BF279AE51A00E08FE7 /* NewsFeedViewController.swift */,
				44EE91C0279AE51A00E08FE7 /* NewsFeedInteractor.swift */,
				44EE91BB279AE51A00E08FE7 /* NewsFeedPresenter.swift */,
				44EE91BE279AE51A00E08FE7 /* NewsFeedModels.swift */,
				44EE91BC279AE51A00E08FE7 /* NewsFeedWorker.swift */,
				44EE91BD279AE51A00E08FE7 /* NewsFeedRouter.swift */,
				44EE91C9279AE63A00E08FE7 /* NewsFeedViewController.storyboard */,
			);
			path = NewsFeed;
			sourceTree = "<group>";
		};
		44EE91CB279D975200E08FE7 /* Cell */ = {
			isa = PBXGroup;
			children = (
				44EE91CC279D978A00E08FE7 /* NewsFeedCell.swift */,
				44EE91CD279D978A00E08FE7 /* NewsFeedCell.xib */,
			);
			path = Cell;
			sourceTree = "<group>";
		};
		6188B3B71944C1FF926BCC19 /* Pods */ = {
			isa = PBXGroup;
			children = (
				D1A9B3507A561342A2FED08D /* Pods-VK.debug.xcconfig */,
				CF1D1306565774B79F001F62 /* Pods-VK.release.xcconfig */,
			);
			path = Pods;
			sourceTree = "<group>";
		};
/* End PBXGroup section */

/* Begin PBXNativeTarget section */
		44EE918E2796E3E000E08FE7 /* VK */ = {
			isa = PBXNativeTarget;
			buildConfigurationList = 44EE91A32796E3E400E08FE7 /* Build configuration list for PBXNativeTarget "VK" */;
			buildPhases = (
				1D25FA21249110D104B1ACDE /* [CP] Check Pods Manifest.lock */,
				44EE918B2796E3E000E08FE7 /* Sources */,
				44EE918C2796E3E000E08FE7 /* Frameworks */,
				44EE918D2796E3E000E08FE7 /* Resources */,
				BD0743D12CAD2258839EC39B /* [CP] Embed Pods Frameworks */,
			);
			buildRules = (
			);
			dependencies = (
			);
			name = VK;
			productName = VK;
			productReference = 44EE918F2796E3E000E08FE7 /* VK.app */;
			productType = "com.apple.product-type.application";
		};
/* End PBXNativeTarget section */

/* Begin PBXProject section */
		44EE91872796E3E000E08FE7 /* Project object */ = {
			isa = PBXProject;
			attributes = {
				BuildIndependentTargetsInParallel = 1;
				LastSwiftUpdateCheck = 1300;
				LastUpgradeCheck = 1300;
				TargetAttributes = {
					44EE918E2796E3E000E08FE7 = {
						CreatedOnToolsVersion = 13.0;
					};
				};
			};
			buildConfigurationList = 44EE918A2796E3E000E08FE7 /* Build configuration list for PBXProject "VK" */;
			compatibilityVersion = "Xcode 13.0";
			developmentRegion = en;
			hasScannedForEncodings = 0;
			knownRegions = (
				en,
				Base,
			);
			mainGroup = 44EE91862796E3E000E08FE7;
			productRefGroup = 44EE91902796E3E000E08FE7 /* Products */;
			projectDirPath = "";
			projectRoot = "";
			targets = (
				44EE918E2796E3E000E08FE7 /* VK */,
			);
		};
/* End PBXProject section */

/* Begin PBXResourcesBuildPhase section */
		44EE918D2796E3E000E08FE7 /* Resources */ = {
			isa = PBXResourcesBuildPhase;
			buildActionMask = 2147483647;
			files = (
				44EE91CA279AE63A00E08FE7 /* NewsFeedViewController.storyboard in Resources */,
				44EE919F2796E3E400E08FE7 /* LaunchScreen.storyboard in Resources */,
				44EE91CF279D978A00E08FE7 /* NewsFeedCell.xib in Resources */,
				44EE919C2796E3E400E08FE7 /* Assets.xcassets in Resources */,
				44EE91A92796F78B00E08FE7 /* AuthViewController.storyboard in Resources */,
				44EE91AE2797007400E08FE7 /* FeedViewController.storyboard in Resources */,
			);
			runOnlyForDeploymentPostprocessing = 0;
		};
/* End PBXResourcesBuildPhase section */

/* Begin PBXShellScriptBuildPhase section */
		1D25FA21249110D104B1ACDE /* [CP] Check Pods Manifest.lock */ = {
			isa = PBXShellScriptBuildPhase;
			buildActionMask = 2147483647;
			files = (
			);
			inputFileListPaths = (
			);
			inputPaths = (
				"${PODS_PODFILE_DIR_PATH}/Podfile.lock",
				"${PODS_ROOT}/Manifest.lock",
			);
			name = "[CP] Check Pods Manifest.lock";
			outputFileListPaths = (
			);
			outputPaths = (
				"$(DERIVED_FILE_DIR)/Pods-VK-checkManifestLockResult.txt",
			);
			runOnlyForDeploymentPostprocessing = 0;
			shellPath = /bin/sh;
			shellScript = "diff \"${PODS_PODFILE_DIR_PATH}/Podfile.lock\" \"${PODS_ROOT}/Manifest.lock\" > /dev/null\nif [ $? != 0 ] ; then\n    # print error to STDERR\n    echo \"error: The sandbox is not in sync with the Podfile.lock. Run 'pod install' or update your CocoaPods installation.\" >&2\n    exit 1\nfi\n# This output is used by Xcode 'outputs' to avoid re-running this script phase.\necho \"SUCCESS\" > \"${SCRIPT_OUTPUT_FILE_0}\"\n";
			showEnvVarsInLog = 0;
		};
		BD0743D12CAD2258839EC39B /* [CP] Embed Pods Frameworks */ = {
			isa = PBXShellScriptBuildPhase;
			buildActionMask = 2147483647;
			files = (
			);
			inputFileListPaths = (
				"${PODS_ROOT}/Target Support Files/Pods-VK/Pods-VK-frameworks-${CONFIGURATION}-input-files.xcfilelist",
			);
			name = "[CP] Embed Pods Frameworks";
			outputFileListPaths = (
				"${PODS_ROOT}/Target Support Files/Pods-VK/Pods-VK-frameworks-${CONFIGURATION}-output-files.xcfilelist",
			);
			runOnlyForDeploymentPostprocessing = 0;
			shellPath = /bin/sh;
			shellScript = "\"${PODS_ROOT}/Target Support Files/Pods-VK/Pods-VK-frameworks.sh\"\n";
			showEnvVarsInLog = 0;
		};
/* End PBXShellScriptBuildPhase section */

/* Begin PBXSourcesBuildPhase section */
		44EE918B2796E3E000E08FE7 /* Sources */ = {
			isa = PBXSourcesBuildPhase;
			buildActionMask = 2147483647;
			files = (
				44EE91B727999BF200E08FE7 /* FeedResponse.swift in Sources */,
				44EE91C2279AE51A00E08FE7 /* NewsFeedPresenter.swift in Sources */,
				44EE91972796E3E000E08FE7 /* AuthViewController.swift in Sources */,
				44EE91932796E3E000E08FE7 /* AppDelegate.swift in Sources */,
				44EE91C7279AE51A00E08FE7 /* NewsFeedInteractor.swift in Sources */,
				44EE91AC2797006B00E08FE7 /* FeedViewController.swift in Sources */,
				44EE91952796E3E000E08FE7 /* SceneDelegate.swift in Sources */,
				44EE91B2279715A700E08FE7 /* NetworkService.swift in Sources */,
				44EE91B92799A25E00E08FE7 /* NetworkDataFetcher.swift in Sources */,
				44EE91C3279AE51A00E08FE7 /* NewsFeedWorker.swift in Sources */,
				44EE91C4279AE51A00E08FE7 /* NewsFeedRouter.swift in Sources */,
				44EE91A72796EDDB00E08FE7 /* AuthService.swift in Sources */,
				44EE91B4279715DD00E08FE7 /* API.swift in Sources */,
				44EE91C5279AE51A00E08FE7 /* NewsFeedModels.swift in Sources */,
				44EE91CE279D978A00E08FE7 /* NewsFeedCell.swift in Sources */,
				44EE91C6279AE51A00E08FE7 /* NewsFeedViewController.swift in Sources */,
			);
			runOnlyForDeploymentPostprocessing = 0;
		};
/* End PBXSourcesBuildPhase section */

/* Begin PBXVariantGroup section */
		44EE919D2796E3E400E08FE7 /* LaunchScreen.storyboard */ = {
			isa = PBXVariantGroup;
			children = (
				44EE919E2796E3E400E08FE7 /* Base */,
			);
			name = LaunchScreen.storyboard;
			sourceTree = "<group>";
		};
/* End PBXVariantGroup section */

/* Begin XCBuildConfiguration section */
		44EE91A12796E3E400E08FE7 /* Debug */ = {
			isa = XCBuildConfiguration;
			buildSettings = {
				ALWAYS_SEARCH_USER_PATHS = NO;
				CLANG_ANALYZER_NONNULL = YES;
				CLANG_ANALYZER_NUMBER_OBJECT_CONVERSION = YES_AGGRESSIVE;
				CLANG_CXX_LANGUAGE_STANDARD = "gnu++17";
				CLANG_CXX_LIBRARY = "libc++";
				CLANG_ENABLE_MODULES = YES;
				CLANG_ENABLE_OBJC_ARC = YES;
				CLANG_ENABLE_OBJC_WEAK = YES;
				CLANG_WARN_BLOCK_CAPTURE_AUTORELEASING = YES;
				CLANG_WARN_BOOL_CONVERSION = YES;
				CLANG_WARN_COMMA = YES;
				CLANG_WARN_CONSTANT_CONVERSION = YES;
				CLANG_WARN_DEPRECATED_OBJC_IMPLEMENTATIONS = YES;
				CLANG_WARN_DIRECT_OBJC_ISA_USAGE = YES_ERROR;
				CLANG_WARN_DOCUMENTATION_COMMENTS = YES;
				CLANG_WARN_EMPTY_BODY = YES;
				CLANG_WARN_ENUM_CONVERSION = YES;
				CLANG_WARN_INFINITE_RECURSION = YES;
				CLANG_WARN_INT_CONVERSION = YES;
				CLANG_WARN_NON_LITERAL_NULL_CONVERSION = YES;
				CLANG_WARN_OBJC_IMPLICIT_RETAIN_SELF = YES;
				CLANG_WARN_OBJC_LITERAL_CONVERSION = YES;
				CLANG_WARN_OBJC_ROOT_CLASS = YES_ERROR;
				CLANG_WARN_QUOTED_INCLUDE_IN_FRAMEWORK_HEADER = YES;
				CLANG_WARN_RANGE_LOOP_ANALYSIS = YES;
				CLANG_WARN_STRICT_PROTOTYPES = YES;
				CLANG_WARN_SUSPICIOUS_MOVE = YES;
				CLANG_WARN_UNGUARDED_AVAILABILITY = YES_AGGRESSIVE;
				CLANG_WARN_UNREACHABLE_CODE = YES;
				CLANG_WARN__DUPLICATE_METHOD_MATCH = YES;
				COPY_PHASE_STRIP = NO;
				DEBUG_INFORMATION_FORMAT = dwarf;
				ENABLE_STRICT_OBJC_MSGSEND = YES;
				ENABLE_TESTABILITY = YES;
				GCC_C_LANGUAGE_STANDARD = gnu11;
				GCC_DYNAMIC_NO_PIC = NO;
				GCC_NO_COMMON_BLOCKS = YES;
				GCC_OPTIMIZATION_LEVEL = 0;
				GCC_PREPROCESSOR_DEFINITIONS = (
					"DEBUG=1",
					"$(inherited)",
				);
				GCC_WARN_64_TO_32_BIT_CONVERSION = YES;
				GCC_WARN_ABOUT_RETURN_TYPE = YES_ERROR;
				GCC_WARN_UNDECLARED_SELECTOR = YES;
				GCC_WARN_UNINITIALIZED_AUTOS = YES_AGGRESSIVE;
				GCC_WARN_UNUSED_FUNCTION = YES;
				GCC_WARN_UNUSED_VARIABLE = YES;
				IPHONEOS_DEPLOYMENT_TARGET = 15.0;
				MTL_ENABLE_DEBUG_INFO = INCLUDE_SOURCE;
				MTL_FAST_MATH = YES;
				ONLY_ACTIVE_ARCH = YES;
				SDKROOT = iphoneos;
				SWIFT_ACTIVE_COMPILATION_CONDITIONS = DEBUG;
				SWIFT_OPTIMIZATION_LEVEL = "-Onone";
			};
			name = Debug;
		};
		44EE91A22796E3E400E08FE7 /* Release */ = {
			isa = XCBuildConfiguration;
			buildSettings = {
				ALWAYS_SEARCH_USER_PATHS = NO;
				CLANG_ANALYZER_NONNULL = YES;
				CLANG_ANALYZER_NUMBER_OBJECT_CONVERSION = YES_AGGRESSIVE;
				CLANG_CXX_LANGUAGE_STANDARD = "gnu++17";
				CLANG_CXX_LIBRARY = "libc++";
				CLANG_ENABLE_MODULES = YES;
				CLANG_ENABLE_OBJC_ARC = YES;
				CLANG_ENABLE_OBJC_WEAK = YES;
				CLANG_WARN_BLOCK_CAPTURE_AUTORELEASING = YES;
				CLANG_WARN_BOOL_CONVERSION = YES;
				CLANG_WARN_COMMA = YES;
				CLANG_WARN_CONSTANT_CONVERSION = YES;
				CLANG_WARN_DEPRECATED_OBJC_IMPLEMENTATIONS = YES;
				CLANG_WARN_DIRECT_OBJC_ISA_USAGE = YES_ERROR;
				CLANG_WARN_DOCUMENTATION_COMMENTS = YES;
				CLANG_WARN_EMPTY_BODY = YES;
				CLANG_WARN_ENUM_CONVERSION = YES;
				CLANG_WARN_INFINITE_RECURSION = YES;
				CLANG_WARN_INT_CONVERSION = YES;
				CLANG_WARN_NON_LITERAL_NULL_CONVERSION = YES;
				CLANG_WARN_OBJC_IMPLICIT_RETAIN_SELF = YES;
				CLANG_WARN_OBJC_LITERAL_CONVERSION = YES;
				CLANG_WARN_OBJC_ROOT_CLASS = YES_ERROR;
				CLANG_WARN_QUOTED_INCLUDE_IN_FRAMEWORK_HEADER = YES;
				CLANG_WARN_RANGE_LOOP_ANALYSIS = YES;
				CLANG_WARN_STRICT_PROTOTYPES = YES;
				CLANG_WARN_SUSPICIOUS_MOVE = YES;
				CLANG_WARN_UNGUARDED_AVAILABILITY = YES_AGGRESSIVE;
				CLANG_WARN_UNREACHABLE_CODE = YES;
				CLANG_WARN__DUPLICATE_METHOD_MATCH = YES;
				COPY_PHASE_STRIP = NO;
				DEBUG_INFORMATION_FORMAT = "dwarf-with-dsym";
				ENABLE_NS_ASSERTIONS = NO;
				ENABLE_STRICT_OBJC_MSGSEND = YES;
				GCC_C_LANGUAGE_STANDARD = gnu11;
				GCC_NO_COMMON_BLOCKS = YES;
				GCC_WARN_64_TO_32_BIT_CONVERSION = YES;
				GCC_WARN_ABOUT_RETURN_TYPE = YES_ERROR;
				GCC_WARN_UNDECLARED_SELECTOR = YES;
				GCC_WARN_UNINITIALIZED_AUTOS = YES_AGGRESSIVE;
				GCC_WARN_UNUSED_FUNCTION = YES;
				GCC_WARN_UNUSED_VARIABLE = YES;
				IPHONEOS_DEPLOYMENT_TARGET = 15.0;
				MTL_ENABLE_DEBUG_INFO = NO;
				MTL_FAST_MATH = YES;
				SDKROOT = iphoneos;
				SWIFT_COMPILATION_MODE = wholemodule;
				SWIFT_OPTIMIZATION_LEVEL = "-O";
				VALIDATE_PRODUCT = YES;
			};
			name = Release;
		};
		44EE91A42796E3E400E08FE7 /* Debug */ = {
			isa = XCBuildConfiguration;
			baseConfigurationReference = D1A9B3507A561342A2FED08D /* Pods-VK.debug.xcconfig */;
			buildSettings = {
				ASSETCATALOG_COMPILER_APPICON_NAME = AppIcon;
				ASSETCATALOG_COMPILER_GLOBAL_ACCENT_COLOR_NAME = AccentColor;
				CODE_SIGN_STYLE = Automatic;
				CURRENT_PROJECT_VERSION = 1;
				GENERATE_INFOPLIST_FILE = YES;
				INFOPLIST_FILE = VK/Info.plist;
				INFOPLIST_KEY_UIApplicationSupportsIndirectInputEvents = YES;
				INFOPLIST_KEY_UILaunchStoryboardName = LaunchScreen;
				INFOPLIST_KEY_UISupportedInterfaceOrientations_iPad = "UIInterfaceOrientationPortrait UIInterfaceOrientationPortraitUpsideDown UIInterfaceOrientationLandscapeLeft UIInterfaceOrientationLandscapeRight";
				INFOPLIST_KEY_UISupportedInterfaceOrientations_iPhone = "UIInterfaceOrientationPortrait UIInterfaceOrientationLandscapeLeft UIInterfaceOrientationLandscapeRight";
				LD_RUNPATH_SEARCH_PATHS = (
					"$(inherited)",
					"@executable_path/Frameworks",
				);
				MARKETING_VERSION = 1.0;
				PRODUCT_BUNDLE_IDENTIFIER = jaha.VK;
				PRODUCT_NAME = "$(TARGET_NAME)";
				SWIFT_EMIT_LOC_STRINGS = YES;
				SWIFT_VERSION = 5.0;
				TARGETED_DEVICE_FAMILY = "1,2";
			};
			name = Debug;
		};
		44EE91A52796E3E400E08FE7 /* Release */ = {
			isa = XCBuildConfiguration;
			baseConfigurationReference = CF1D1306565774B79F001F62 /* Pods-VK.release.xcconfig */;
			buildSettings = {
				ASSETCATALOG_COMPILER_APPICON_NAME = AppIcon;
				ASSETCATALOG_COMPILER_GLOBAL_ACCENT_COLOR_NAME = AccentColor;
				CODE_SIGN_STYLE = Automatic;
				CURRENT_PROJECT_VERSION = 1;
				GENERATE_INFOPLIST_FILE = YES;
				INFOPLIST_FILE = VK/Info.plist;
				INFOPLIST_KEY_UIApplicationSupportsIndirectInputEvents = YES;
				INFOPLIST_KEY_UILaunchStoryboardName = LaunchScreen;
				INFOPLIST_KEY_UISupportedInterfaceOrientations_iPad = "UIInterfaceOrientationPortrait UIInterfaceOrientationPortraitUpsideDown UIInterfaceOrientationLandscapeLeft UIInterfaceOrientationLandscapeRight";
				INFOPLIST_KEY_UISupportedInterfaceOrientations_iPhone = "UIInterfaceOrientationPortrait UIInterfaceOrientationLandscapeLeft UIInterfaceOrientationLandscapeRight";
				LD_RUNPATH_SEARCH_PATHS = (
					"$(inherited)",
					"@executable_path/Frameworks",
				);
				MARKETING_VERSION = 1.0;
				PRODUCT_BUNDLE_IDENTIFIER = jaha.VK;
				PRODUCT_NAME = "$(TARGET_NAME)";
				SWIFT_EMIT_LOC_STRINGS = YES;
				SWIFT_VERSION = 5.0;
				TARGETED_DEVICE_FAMILY = "1,2";
			};
			name = Release;
		};
/* End XCBuildConfiguration section */

/* Begin XCConfigurationList section */
		44EE918A2796E3E000E08FE7 /* Build configuration list for PBXProject "VK" */ = {
			isa = XCConfigurationList;
			buildConfigurations = (
				44EE91A12796E3E400E08FE7 /* Debug */,
				44EE91A22796E3E400E08FE7 /* Release */,
			);
			defaultConfigurationIsVisible = 0;
			defaultConfigurationName = Release;
		};
		44EE91A32796E3E400E08FE7 /* Build configuration list for PBXNativeTarget "VK" */ = {
			isa = XCConfigurationList;
			buildConfigurations = (
				44EE91A42796E3E400E08FE7 /* Debug */,
				44EE91A52796E3E400E08FE7 /* Release */,
			);
			defaultConfigurationIsVisible = 0;
			defaultConfigurationName = Release;
		};
/* End XCConfigurationList section */
	};
	rootObject = 44EE91872796E3E000E08FE7 /* Project object */;
}
